// !$*UTF8*$!
{
	archiveVersion = 1;
	classes = {
	};
	objectVersion = 46;
	objects = {

/* Begin PBXBuildFile section */
		0671B6B3011318B0B5B173E5 /* Pods_ibm_projectUITests.framework in Frameworks */ = {isa = PBXBuildFile; fileRef = 378E06110D044CCE2282A91C /* Pods_ibm_projectUITests.framework */; };
		4BE43D84036B0B4CD28496D6 /* Pods_ibm_projectTests.framework in Frameworks */ = {isa = PBXBuildFile; fileRef = BDF9A51B1BCC889000F2A0A6 /* Pods_ibm_projectTests.framework */; };
		6E346F8E1E627697002F4761 /* GoogleService-Info.plist in Resources */ = {isa = PBXBuildFile; fileRef = 6E346F8D1E627697002F4761 /* GoogleService-Info.plist */; };
		6E346F901E62A7C4002F4761 /* CacheViewController.swift in Sources */ = {isa = PBXBuildFile; fileRef = 6E346F8F1E62A7C4002F4761 /* CacheViewController.swift */; };
		6E4396051E65C5E900527679 /* Contact.swift in Sources */ = {isa = PBXBuildFile; fileRef = 6E4396041E65C5E900527679 /* Contact.swift */; };
		6E7790231E62718D00143551 /* AppDelegate.swift in Sources */ = {isa = PBXBuildFile; fileRef = 6E7790221E62718D00143551 /* AppDelegate.swift */; };
		6E7790251E62718D00143551 /* ViewController.swift in Sources */ = {isa = PBXBuildFile; fileRef = 6E7790241E62718D00143551 /* ViewController.swift */; };
		6E7790281E62718D00143551 /* Main.storyboard in Resources */ = {isa = PBXBuildFile; fileRef = 6E7790261E62718D00143551 /* Main.storyboard */; };
		6E77902B1E62718D00143551 /* ibm_project.xcdatamodeld in Sources */ = {isa = PBXBuildFile; fileRef = 6E7790291E62718D00143551 /* ibm_project.xcdatamodeld */; };
		6E77902D1E62718D00143551 /* Assets.xcassets in Resources */ = {isa = PBXBuildFile; fileRef = 6E77902C1E62718D00143551 /* Assets.xcassets */; };
		6E7790301E62718D00143551 /* LaunchScreen.storyboard in Resources */ = {isa = PBXBuildFile; fileRef = 6E77902E1E62718D00143551 /* LaunchScreen.storyboard */; };
		6E77903B1E62718D00143551 /* ibm_projectTests.swift in Sources */ = {isa = PBXBuildFile; fileRef = 6E77903A1E62718D00143551 /* ibm_projectTests.swift */; };
		6E7790461E62718D00143551 /* ibm_projectUITests.swift in Sources */ = {isa = PBXBuildFile; fileRef = 6E7790451E62718D00143551 /* ibm_projectUITests.swift */; };
		A02A5A8D76266B586EF30300 /* Pods_ibm_project.framework in Frameworks */ = {isa = PBXBuildFile; fileRef = 89CC2150621F13CFA12A5784 /* Pods_ibm_project.framework */; };
/* End PBXBuildFile section */

/* Begin PBXContainerItemProxy section */
		6E7790371E62718D00143551 /* PBXContainerItemProxy */ = {
			isa = PBXContainerItemProxy;
			containerPortal = 6E7790171E62718D00143551 /* Project object */;
			proxyType = 1;
			remoteGlobalIDString = 6E77901E1E62718D00143551;
			remoteInfo = ibm_project;
		};
		6E7790421E62718D00143551 /* PBXContainerItemProxy */ = {
			isa = PBXContainerItemProxy;
			containerPortal = 6E7790171E62718D00143551 /* Project object */;
			proxyType = 1;
			remoteGlobalIDString = 6E77901E1E62718D00143551;
			remoteInfo = ibm_project;
		};
/* End PBXContainerItemProxy section */

/* Begin PBXFileReference section */
		272151A47A0207C6741FB357 /* Pods-ibm_projectTests.release.xcconfig */ = {isa = PBXFileReference; includeInIndex = 1; lastKnownFileType = text.xcconfig; name = "Pods-ibm_projectTests.release.xcconfig"; path = "Pods/Target Support Files/Pods-ibm_projectTests/Pods-ibm_projectTests.release.xcconfig"; sourceTree = "<group>"; };
		317DE707993ABCD68341F7D1 /* Pods-ibm_project.release.xcconfig */ = {isa = PBXFileReference; includeInIndex = 1; lastKnownFileType = text.xcconfig; name = "Pods-ibm_project.release.xcconfig"; path = "Pods/Target Support Files/Pods-ibm_project/Pods-ibm_project.release.xcconfig"; sourceTree = "<group>"; };
		378E06110D044CCE2282A91C /* Pods_ibm_projectUITests.framework */ = {isa = PBXFileReference; explicitFileType = wrapper.framework; includeInIndex = 0; path = Pods_ibm_projectUITests.framework; sourceTree = BUILT_PRODUCTS_DIR; };
		50F3A5D09C4A6F95AFC619F6 /* Pods-ibm_projectUITests.debug.xcconfig */ = {isa = PBXFileReference; includeInIndex = 1; lastKnownFileType = text.xcconfig; name = "Pods-ibm_projectUITests.debug.xcconfig"; path = "Pods/Target Support Files/Pods-ibm_projectUITests/Pods-ibm_projectUITests.debug.xcconfig"; sourceTree = "<group>"; };
		6E346F8D1E627697002F4761 /* GoogleService-Info.plist */ = {isa = PBXFileReference; fileEncoding = 4; lastKnownFileType = text.plist.xml; name = "GoogleService-Info.plist"; path = "../../../../../Downloads/GoogleService-Info.plist"; sourceTree = "<group>"; };
		6E346F8F1E62A7C4002F4761 /* CacheViewController.swift */ = {isa = PBXFileReference; fileEncoding = 4; lastKnownFileType = sourcecode.swift; path = CacheViewController.swift; sourceTree = "<group>"; };
		6E4396041E65C5E900527679 /* Contact.swift */ = {isa = PBXFileReference; fileEncoding = 4; lastKnownFileType = sourcecode.swift; path = Contact.swift; sourceTree = "<group>"; };
		6E77901F1E62718D00143551 /* ibm_project.app */ = {isa = PBXFileReference; explicitFileType = wrapper.application; includeInIndex = 0; path = ibm_project.app; sourceTree = BUILT_PRODUCTS_DIR; };
		6E7790221E62718D00143551 /* AppDelegate.swift */ = {isa = PBXFileReference; lastKnownFileType = sourcecode.swift; path = AppDelegate.swift; sourceTree = "<group>"; };
		6E7790241E62718D00143551 /* ViewController.swift */ = {isa = PBXFileReference; lastKnownFileType = sourcecode.swift; path = ViewController.swift; sourceTree = "<group>"; };
		6E7790271E62718D00143551 /* Base */ = {isa = PBXFileReference; lastKnownFileType = file.storyboard; name = Base; path = Base.lproj/Main.storyboard; sourceTree = "<group>"; };
		6E77902A1E62718D00143551 /* ibm_project.xcdatamodel */ = {isa = PBXFileReference; lastKnownFileType = wrapper.xcdatamodel; path = ibm_project.xcdatamodel; sourceTree = "<group>"; };
		6E77902C1E62718D00143551 /* Assets.xcassets */ = {isa = PBXFileReference; lastKnownFileType = folder.assetcatalog; path = Assets.xcassets; sourceTree = "<group>"; };
		6E77902F1E62718D00143551 /* Base */ = {isa = PBXFileReference; lastKnownFileType = file.storyboard; name = Base; path = Base.lproj/LaunchScreen.storyboard; sourceTree = "<group>"; };
		6E7790311E62718D00143551 /* Info.plist */ = {isa = PBXFileReference; lastKnownFileType = text.plist.xml; path = Info.plist; sourceTree = "<group>"; };
		6E7790361E62718D00143551 /* ibm_projectTests.xctest */ = {isa = PBXFileReference; explicitFileType = wrapper.cfbundle; includeInIndex = 0; path = ibm_projectTests.xctest; sourceTree = BUILT_PRODUCTS_DIR; };
		6E77903A1E62718D00143551 /* ibm_projectTests.swift */ = {isa = PBXFileReference; lastKnownFileType = sourcecode.swift; path = ibm_projectTests.swift; sourceTree = "<group>"; };
		6E77903C1E62718D00143551 /* Info.plist */ = {isa = PBXFileReference; lastKnownFileType = text.plist.xml; path = Info.plist; sourceTree = "<group>"; };
		6E7790411E62718D00143551 /* ibm_projectUITests.xctest */ = {isa = PBXFileReference; explicitFileType = wrapper.cfbundle; includeInIndex = 0; path = ibm_projectUITests.xctest; sourceTree = BUILT_PRODUCTS_DIR; };
		6E7790451E62718D00143551 /* ibm_projectUITests.swift */ = {isa = PBXFileReference; lastKnownFileType = sourcecode.swift; path = ibm_projectUITests.swift; sourceTree = "<group>"; };
		6E7790471E62718D00143551 /* Info.plist */ = {isa = PBXFileReference; lastKnownFileType = text.plist.xml; path = Info.plist; sourceTree = "<group>"; };
		74FC288C84023CC8F75CB563 /* Pods-ibm_projectUITests.release.xcconfig */ = {isa = PBXFileReference; includeInIndex = 1; lastKnownFileType = text.xcconfig; name = "Pods-ibm_projectUITests.release.xcconfig"; path = "Pods/Target Support Files/Pods-ibm_projectUITests/Pods-ibm_projectUITests.release.xcconfig"; sourceTree = "<group>"; };
		89CC2150621F13CFA12A5784 /* Pods_ibm_project.framework */ = {isa = PBXFileReference; explicitFileType = wrapper.framework; includeInIndex = 0; path = Pods_ibm_project.framework; sourceTree = BUILT_PRODUCTS_DIR; };
		BDF9A51B1BCC889000F2A0A6 /* Pods_ibm_projectTests.framework */ = {isa = PBXFileReference; explicitFileType = wrapper.framework; includeInIndex = 0; path = Pods_ibm_projectTests.framework; sourceTree = BUILT_PRODUCTS_DIR; };
		DDC81574E595138A13F5F5F6 /* Pods-ibm_projectTests.debug.xcconfig */ = {isa = PBXFileReference; includeInIndex = 1; lastKnownFileType = text.xcconfig; name = "Pods-ibm_projectTests.debug.xcconfig"; path = "Pods/Target Support Files/Pods-ibm_projectTests/Pods-ibm_projectTests.debug.xcconfig"; sourceTree = "<group>"; };
		F8590B54E40C9997CA775D9C /* Pods-ibm_project.debug.xcconfig */ = {isa = PBXFileReference; includeInIndex = 1; lastKnownFileType = text.xcconfig; name = "Pods-ibm_project.debug.xcconfig"; path = "Pods/Target Support Files/Pods-ibm_project/Pods-ibm_project.debug.xcconfig"; sourceTree = "<group>"; };
/* End PBXFileReference section */

/* Begin PBXFrameworksBuildPhase section */
		6E77901C1E62718D00143551 /* Frameworks */ = {
			isa = PBXFrameworksBuildPhase;
			buildActionMask = 2147483647;
			files = (
				A02A5A8D76266B586EF30300 /* Pods_ibm_project.framework in Frameworks */,
			);
			runOnlyForDeploymentPostprocessing = 0;
		};
		6E7790331E62718D00143551 /* Frameworks */ = {
			isa = PBXFrameworksBuildPhase;
			buildActionMask = 2147483647;
			files = (
				4BE43D84036B0B4CD28496D6 /* Pods_ibm_projectTests.framework in Frameworks */,
			);
			runOnlyForDeploymentPostprocessing = 0;
		};
		6E77903E1E62718D00143551 /* Frameworks */ = {
			isa = PBXFrameworksBuildPhase;
			buildActionMask = 2147483647;
			files = (
				0671B6B3011318B0B5B173E5 /* Pods_ibm_projectUITests.framework in Frameworks */,
			);
			runOnlyForDeploymentPostprocessing = 0;
		};
/* End PBXFrameworksBuildPhase section */

/* Begin PBXGroup section */
		6E4396031E65C1F200527679 /* Model */ = {
			isa = PBXGroup;
			children = (
				6E4396041E65C5E900527679 /* Contact.swift */,
			);
			name = Model;
			sourceTree = "<group>";
		};
		6E7790161E62718D00143551 = {
			isa = PBXGroup;
			children = (
				6E7790211E62718D00143551 /* ibm_project */,
				6E7790391E62718D00143551 /* ibm_projectTests */,
				6E7790441E62718D00143551 /* ibm_projectUITests */,
				6E7790201E62718D00143551 /* Products */,
				C9CDCABD52D222169B84F8FA /* Pods */,
				932D6F48DBD8A302C5EF0035 /* Frameworks */,
			);
			sourceTree = "<group>";
		};
		6E7790201E62718D00143551 /* Products */ = {
			isa = PBXGroup;
			children = (
				6E77901F1E62718D00143551 /* ibm_project.app */,
				6E7790361E62718D00143551 /* ibm_projectTests.xctest */,
				6E7790411E62718D00143551 /* ibm_projectUITests.xctest */,
			);
			name = Products;
			sourceTree = "<group>";
		};
		6E7790211E62718D00143551 /* ibm_project */ = {
			isa = PBXGroup;
			children = (
				6E7790221E62718D00143551 /* AppDelegate.swift */,
				6E7790241E62718D00143551 /* ViewController.swift */,
				6E346F8F1E62A7C4002F4761 /* CacheViewController.swift */,
				6E4396031E65C1F200527679 /* Model */,
				6E7790261E62718D00143551 /* Main.storyboard */,
				6E77902C1E62718D00143551 /* Assets.xcassets */,
				6E77902E1E62718D00143551 /* LaunchScreen.storyboard */,
				6E7790311E62718D00143551 /* Info.plist */,
				6E7790291E62718D00143551 /* ibm_project.xcdatamodeld */,
				6E346F8D1E627697002F4761 /* GoogleService-Info.plist */,
			);
			path = ibm_project;
			sourceTree = "<group>";
		};
		6E7790391E62718D00143551 /* ibm_projectTests */ = {
			isa = PBXGroup;
			children = (
				6E77903A1E62718D00143551 /* ibm_projectTests.swift */,
				6E77903C1E62718D00143551 /* Info.plist */,
			);
			path = ibm_projectTests;
			sourceTree = "<group>";
		};
		6E7790441E62718D00143551 /* ibm_projectUITests */ = {
			isa = PBXGroup;
			children = (
				6E7790451E62718D00143551 /* ibm_projectUITests.swift */,
				6E7790471E62718D00143551 /* Info.plist */,
			);
			path = ibm_projectUITests;
			sourceTree = "<group>";
		};
		932D6F48DBD8A302C5EF0035 /* Frameworks */ = {
			isa = PBXGroup;
			children = (
				89CC2150621F13CFA12A5784 /* Pods_ibm_project.framework */,
				BDF9A51B1BCC889000F2A0A6 /* Pods_ibm_projectTests.framework */,
				378E06110D044CCE2282A91C /* Pods_ibm_projectUITests.framework */,
			);
			name = Frameworks;
			sourceTree = "<group>";
		};
		C9CDCABD52D222169B84F8FA /* Pods */ = {
			isa = PBXGroup;
			children = (
				F8590B54E40C9997CA775D9C /* Pods-ibm_project.debug.xcconfig */,
				317DE707993ABCD68341F7D1 /* Pods-ibm_project.release.xcconfig */,
				DDC81574E595138A13F5F5F6 /* Pods-ibm_projectTests.debug.xcconfig */,
				272151A47A0207C6741FB357 /* Pods-ibm_projectTests.release.xcconfig */,
				50F3A5D09C4A6F95AFC619F6 /* Pods-ibm_projectUITests.debug.xcconfig */,
				74FC288C84023CC8F75CB563 /* Pods-ibm_projectUITests.release.xcconfig */,
			);
			name = Pods;
			sourceTree = "<group>";
		};
/* End PBXGroup section */

/* Begin PBXNativeTarget section */
		6E77901E1E62718D00143551 /* ibm_project */ = {
			isa = PBXNativeTarget;
			buildConfigurationList = 6E77904A1E62718D00143551 /* Build configuration list for PBXNativeTarget "ibm_project" */;
			buildPhases = (
				49CF425FC44DD2E85D0DA951 /* [CP] Check Pods Manifest.lock */,
				6E77901B1E62718D00143551 /* Sources */,
				6E77901C1E62718D00143551 /* Frameworks */,
				6E77901D1E62718D00143551 /* Resources */,
				AC18D37ABF5990E4C9374F5E /* [CP] Embed Pods Frameworks */,
				F55B54FE0CD0D76E7945C100 /* [CP] Copy Pods Resources */,
			);
			buildRules = (
			);
			dependencies = (
			);
			name = ibm_project;
			productName = ibm_project;
			productReference = 6E77901F1E62718D00143551 /* ibm_project.app */;
			productType = "com.apple.product-type.application";
		};
		6E7790351E62718D00143551 /* ibm_projectTests */ = {
			isa = PBXNativeTarget;
			buildConfigurationList = 6E77904D1E62718D00143551 /* Build configuration list for PBXNativeTarget "ibm_projectTests" */;
			buildPhases = (
				12C84B716C297D9415350178 /* [CP] Check Pods Manifest.lock */,
				6E7790321E62718D00143551 /* Sources */,
				6E7790331E62718D00143551 /* Frameworks */,
				6E7790341E62718D00143551 /* Resources */,
				9A9A2FD840D08E16F4017B4B /* [CP] Embed Pods Frameworks */,
				89F7DE5538136BC8D321B6CB /* [CP] Copy Pods Resources */,
			);
			buildRules = (
			);
			dependencies = (
				6E7790381E62718D00143551 /* PBXTargetDependency */,
			);
			name = ibm_projectTests;
			productName = ibm_projectTests;
			productReference = 6E7790361E62718D00143551 /* ibm_projectTests.xctest */;
			productType = "com.apple.product-type.bundle.unit-test";
		};
		6E7790401E62718D00143551 /* ibm_projectUITests */ = {
			isa = PBXNativeTarget;
			buildConfigurationList = 6E7790501E62718D00143551 /* Build configuration list for PBXNativeTarget "ibm_projectUITests" */;
			buildPhases = (
				C9CA81C5CF994CC5FFCBC5D0 /* [CP] Check Pods Manifest.lock */,
				6E77903D1E62718D00143551 /* Sources */,
				6E77903E1E62718D00143551 /* Frameworks */,
				6E77903F1E62718D00143551 /* Resources */,
				32AE48D84250ACD11F02412A /* [CP] Embed Pods Frameworks */,
				103F71A239D806E70075B53C /* [CP] Copy Pods Resources */,
			);
			buildRules = (
			);
			dependencies = (
				6E7790431E62718D00143551 /* PBXTargetDependency */,
			);
			name = ibm_projectUITests;
			productName = ibm_projectUITests;
			productReference = 6E7790411E62718D00143551 /* ibm_projectUITests.xctest */;
			productType = "com.apple.product-type.bundle.ui-testing";
		};
/* End PBXNativeTarget section */

/* Begin PBXProject section */
		6E7790171E62718D00143551 /* Project object */ = {
			isa = PBXProject;
			attributes = {
				LastSwiftUpdateCheck = 0820;
				LastUpgradeCheck = 0820;
				ORGANIZATIONNAME = "Azhar Fauzan Dz";
				TargetAttributes = {
					6E77901E1E62718D00143551 = {
						CreatedOnToolsVersion = 8.2.1;
						ProvisioningStyle = Automatic;
					};
					6E7790351E62718D00143551 = {
						CreatedOnToolsVersion = 8.2.1;
						ProvisioningStyle = Automatic;
						TestTargetID = 6E77901E1E62718D00143551;
					};
					6E7790401E62718D00143551 = {
						CreatedOnToolsVersion = 8.2.1;
						ProvisioningStyle = Automatic;
						TestTargetID = 6E77901E1E62718D00143551;
					};
				};
			};
			buildConfigurationList = 6E77901A1E62718D00143551 /* Build configuration list for PBXProject "ibm_project" */;
			compatibilityVersion = "Xcode 3.2";
			developmentRegion = English;
			hasScannedForEncodings = 0;
			knownRegions = (
				en,
				Base,
			);
			mainGroup = 6E7790161E62718D00143551;
			productRefGroup = 6E7790201E62718D00143551 /* Products */;
			projectDirPath = "";
			projectRoot = "";
			targets = (
				6E77901E1E62718D00143551 /* ibm_project */,
				6E7790351E62718D00143551 /* ibm_projectTests */,
				6E7790401E62718D00143551 /* ibm_projectUITests */,
			);
		};
/* End PBXProject section */

/* Begin PBXResourcesBuildPhase section */
		6E77901D1E62718D00143551 /* Resources */ = {
			isa = PBXResourcesBuildPhase;
			buildActionMask = 2147483647;
			files = (
				6E7790301E62718D00143551 /* LaunchScreen.storyboard in Resources */,
				6E346F8E1E627697002F4761 /* GoogleService-Info.plist in Resources */,
				6E77902D1E62718D00143551 /* Assets.xcassets in Resources */,
				6E7790281E62718D00143551 /* Main.storyboard in Resources */,
			);
			runOnlyForDeploymentPostprocessing = 0;
		};
		6E7790341E62718D00143551 /* Resources */ = {
			isa = PBXResourcesBuildPhase;
			buildActionMask = 2147483647;
			files = (
			);
			runOnlyForDeploymentPostprocessing = 0;
		};
		6E77903F1E62718D00143551 /* Resources */ = {
			isa = PBXResourcesBuildPhase;
			buildActionMask = 2147483647;
			files = (
			);
			runOnlyForDeploymentPostprocessing = 0;
		};
/* End PBXResourcesBuildPhase section */

/* Begin PBXShellScriptBuildPhase section */
		103F71A239D806E70075B53C /* [CP] Copy Pods Resources */ = {
			isa = PBXShellScriptBuildPhase;
			buildActionMask = 2147483647;
			files = (
			);
			inputPaths = (
			);
			name = "[CP] Copy Pods Resources";
			outputPaths = (
			);
			runOnlyForDeploymentPostprocessing = 0;
			shellPath = /bin/sh;
			shellScript = "\"${SRCROOT}/Pods/Target Support Files/Pods-ibm_projectUITests/Pods-ibm_projectUITests-resources.sh\"\n";
			showEnvVarsInLog = 0;
		};
		12C84B716C297D9415350178 /* [CP] Check Pods Manifest.lock */ = {
			isa = PBXShellScriptBuildPhase;
			buildActionMask = 2147483647;
			files = (
			);
			inputPaths = (
			);
			name = "[CP] Check Pods Manifest.lock";
			outputPaths = (
			);
			runOnlyForDeploymentPostprocessing = 0;
			shellPath = /bin/sh;
			shellScript = "diff \"${PODS_ROOT}/../Podfile.lock\" \"${PODS_ROOT}/Manifest.lock\" > /dev/null\nif [ $? != 0 ] ; then\n    # print error to STDERR\n    echo \"error: The sandbox is not in sync with the Podfile.lock. Run 'pod install' or update your CocoaPods installation.\" >&2\n    exit 1\nfi\n";
			showEnvVarsInLog = 0;
		};
		32AE48D84250ACD11F02412A /* [CP] Embed Pods Frameworks */ = {
			isa = PBXShellScriptBuildPhase;
			buildActionMask = 2147483647;
			files = (
			);
			inputPaths = (
			);
			name = "[CP] Embed Pods Frameworks";
			outputPaths = (
			);
			runOnlyForDeploymentPostprocessing = 0;
			shellPath = /bin/sh;
			shellScript = "\"${SRCROOT}/Pods/Target Support Files/Pods-ibm_projectUITests/Pods-ibm_projectUITests-frameworks.sh\"\n";
			showEnvVarsInLog = 0;
		};
		49CF425FC44DD2E85D0DA951 /* [CP] Check Pods Manifest.lock */ = {
			isa = PBXShellScriptBuildPhase;
			buildActionMask = 2147483647;
			files = (
			);
			inputPaths = (
			);
			name = "[CP] Check Pods Manifest.lock";
			outputPaths = (
			);
			runOnlyForDeploymentPostprocessing = 0;
			shellPath = /bin/sh;
			shellScript = "diff \"${PODS_ROOT}/../Podfile.lock\" \"${PODS_ROOT}/Manifest.lock\" > /dev/null\nif [ $? != 0 ] ; then\n    # print error to STDERR\n    echo \"error: The sandbox is not in sync with the Podfile.lock. Run 'pod install' or update your CocoaPods installation.\" >&2\n    exit 1\nfi\n";
			showEnvVarsInLog = 0;
		};
		89F7DE5538136BC8D321B6CB /* [CP] Copy Pods Resources */ = {
			isa = PBXShellScriptBuildPhase;
			buildActionMask = 2147483647;
			files = (
			);
			inputPaths = (
			);
			name = "[CP] Copy Pods Resources";
			outputPaths = (
			);
			runOnlyForDeploymentPostprocessing = 0;
			shellPath = /bin/sh;
			shellScript = "\"${SRCROOT}/Pods/Target Support Files/Pods-ibm_projectTests/Pods-ibm_projectTests-resources.sh\"\n";
			showEnvVarsInLog = 0;
		};
		9A9A2FD840D08E16F4017B4B /* [CP] Embed Pods Frameworks */ = {
			isa = PBXShellScriptBuildPhase;
			buildActionMask = 2147483647;
			files = (
			);
			inputPaths = (
			);
			name = "[CP] Embed Pods Frameworks";
			outputPaths = (
			);
			runOnlyForDeploymentPostprocessing = 0;
			shellPath = /bin/sh;
			shellScript = "\"${SRCROOT}/Pods/Target Support Files/Pods-ibm_projectTests/Pods-ibm_projectTests-frameworks.sh\"\n";
			showEnvVarsInLog = 0;
		};
		AC18D37ABF5990E4C9374F5E /* [CP] Embed Pods Frameworks */ = {
			isa = PBXShellScriptBuildPhase;
			buildActionMask = 2147483647;
			files = (
			);
			inputPaths = (
			);
			name = "[CP] Embed Pods Frameworks";
			outputPaths = (
			);
			runOnlyForDeploymentPostprocessing = 0;
			shellPath = /bin/sh;
			shellScript = "\"${SRCROOT}/Pods/Target Support Files/Pods-ibm_project/Pods-ibm_project-frameworks.sh\"\n";
			showEnvVarsInLog = 0;
		};
		C9CA81C5CF994CC5FFCBC5D0 /* [CP] Check Pods Manifest.lock */ = {
			isa = PBXShellScriptBuildPhase;
			buildActionMask = 2147483647;
			files = (
			);
			inputPaths = (
			);
			name = "[CP] Check Pods Manifest.lock";
			outputPaths = (
			);
			runOnlyForDeploymentPostprocessing = 0;
			shellPath = /bin/sh;
			shellScript = "diff \"${PODS_ROOT}/../Podfile.lock\" \"${PODS_ROOT}/Manifest.lock\" > /dev/null\nif [ $? != 0 ] ; then\n    # print error to STDERR\n    echo \"error: The sandbox is not in sync with the Podfile.lock. Run 'pod install' or update your CocoaPods installation.\" >&2\n    exit 1\nfi\n";
			showEnvVarsInLog = 0;
		};
		F55B54FE0CD0D76E7945C100 /* [CP] Copy Pods Resources */ = {
			isa = PBXShellScriptBuildPhase;
			buildActionMask = 2147483647;
			files = (
			);
			inputPaths = (
			);
			name = "[CP] Copy Pods Resources";
			outputPaths = (
			);
			runOnlyForDeploymentPostprocessing = 0;
			shellPath = /bin/sh;
			shellScript = "\"${SRCROOT}/Pods/Target Support Files/Pods-ibm_project/Pods-ibm_project-resources.sh\"\n";
			showEnvVarsInLog = 0;
		};
/* End PBXShellScriptBuildPhase section */

/* Begin PBXSourcesBuildPhase section */
		6E77901B1E62718D00143551 /* Sources */ = {
			isa = PBXSourcesBuildPhase;
			buildActionMask = 2147483647;
			files = (
				6E77902B1E62718D00143551 /* ibm_project.xcdatamodeld in Sources */,
				6E7790251E62718D00143551 /* ViewController.swift in Sources */,
				6E4396051E65C5E900527679 /* Contact.swift in Sources */,
				6E7790231E62718D00143551 /* AppDelegate.swift in Sources */,
				6E346F901E62A7C4002F4761 /* CacheViewController.swift in Sources */,
			);
			runOnlyForDeploymentPostprocessing = 0;
		};
		6E7790321E62718D00143551 /* Sources */ = {
			isa = PBXSourcesBuildPhase;
			buildActionMask = 2147483647;
			files = (
				6E77903B1E62718D00143551 /* ibm_projectTests.swift in Sources */,
			);
			runOnlyForDeploymentPostprocessing = 0;
		};
		6E77903D1E62718D00143551 /* Sources */ = {
			isa = PBXSourcesBuildPhase;
			buildActionMask = 2147483647;
			files = (
				6E7790461E62718D00143551 /* ibm_projectUITests.swift in Sources */,
			);
			runOnlyForDeploymentPostprocessing = 0;
		};
/* End PBXSourcesBuildPhase section */

/* Begin PBXTargetDependency section */
		6E7790381E62718D00143551 /* PBXTargetDependency */ = {
			isa = PBXTargetDependency;
			target = 6E77901E1E62718D00143551 /* ibm_project */;
			targetProxy = 6E7790371E62718D00143551 /* PBXContainerItemProxy */;
		};
		6E7790431E62718D00143551 /* PBXTargetDependency */ = {
			isa = PBXTargetDependency;
			target = 6E77901E1E62718D00143551 /* ibm_project */;
			targetProxy = 6E7790421E62718D00143551 /* PBXContainerItemProxy */;
		};
/* End PBXTargetDependency section */

/* Begin PBXVariantGroup section */
		6E7790261E62718D00143551 /* Main.storyboard */ = {
			isa = PBXVariantGroup;
			children = (
				6E7790271E62718D00143551 /* Base */,
			);
			name = Main.storyboard;
			sourceTree = "<group>";
		};
		6E77902E1E62718D00143551 /* LaunchScreen.storyboard */ = {
			isa = PBXVariantGroup;
			children = (
				6E77902F1E62718D00143551 /* Base */,
			);
			name = LaunchScreen.storyboard;
			sourceTree = "<group>";
		};
/* End PBXVariantGroup section */

/* Begin XCBuildConfiguration section */
		6E7790481E62718D00143551 /* Debug */ = {
			isa = XCBuildConfiguration;
			buildSettings = {
				ALWAYS_SEARCH_USER_PATHS = NO;
				CLANG_ANALYZER_NONNULL = YES;
				CLANG_CXX_LANGUAGE_STANDARD = "gnu++0x";
				CLANG_CXX_LIBRARY = "libc++";
				CLANG_ENABLE_MODULES = YES;
				CLANG_ENABLE_OBJC_ARC = YES;
				CLANG_WARN_BOOL_CONVERSION = YES;
				CLANG_WARN_CONSTANT_CONVERSION = YES;
				CLANG_WARN_DIRECT_OBJC_ISA_USAGE = YES_ERROR;
				CLANG_WARN_DOCUMENTATION_COMMENTS = YES;
				CLANG_WARN_EMPTY_BODY = YES;
				CLANG_WARN_ENUM_CONVERSION = YES;
				CLANG_WARN_INFINITE_RECURSION = YES;
				CLANG_WARN_INT_CONVERSION = YES;
				CLANG_WARN_OBJC_ROOT_CLASS = YES_ERROR;
				CLANG_WARN_SUSPICIOUS_MOVE = YES;
				CLANG_WARN_UNREACHABLE_CODE = YES;
				CLANG_WARN__DUPLICATE_METHOD_MATCH = YES;
				"CODE_SIGN_IDENTITY[sdk=iphoneos*]" = "iPhone Developer";
				COPY_PHASE_STRIP = NO;
				DEBUG_INFORMATION_FORMAT = dwarf;
				ENABLE_STRICT_OBJC_MSGSEND = YES;
				ENABLE_TESTABILITY = YES;
				GCC_C_LANGUAGE_STANDARD = gnu99;
				GCC_DYNAMIC_NO_PIC = NO;
				GCC_NO_COMMON_BLOCKS = YES;
				GCC_OPTIMIZATION_LEVEL = 0;
				GCC_PREPROCESSOR_DEFINITIONS = (
					"DEBUG=1",
					"$(inherited)",
				);
				GCC_WARN_64_TO_32_BIT_CONVERSION = YES;
				GCC_WARN_ABOUT_RETURN_TYPE = YES_ERROR;
				GCC_WARN_UNDECLARED_SELECTOR = YES;
				GCC_WARN_UNINITIALIZED_AUTOS = YES_AGGRESSIVE;
				GCC_WARN_UNUSED_FUNCTION = YES;
				GCC_WARN_UNUSED_VARIABLE = YES;
				IPHONEOS_DEPLOYMENT_TARGET = 10.2;
				MTL_ENABLE_DEBUG_INFO = YES;
				ONLY_ACTIVE_ARCH = YES;
				SDKROOT = iphoneos;
				SWIFT_ACTIVE_COMPILATION_CONDITIONS = DEBUG;
				SWIFT_OPTIMIZATION_LEVEL = "-Onone";
				TARGETED_DEVICE_FAMILY = "1,2";
			};
			name = Debug;
		};
		6E7790491E62718D00143551 /* Release */ = {
			isa = XCBuildConfiguration;
			buildSettings = {
				ALWAYS_SEARCH_USER_PATHS = NO;
				CLANG_ANALYZER_NONNULL = YES;
				CLANG_CXX_LANGUAGE_STANDARD = "gnu++0x";
				CLANG_CXX_LIBRARY = "libc++";
				CLANG_ENABLE_MODULES = YES;
				CLANG_ENABLE_OBJC_ARC = YES;
				CLANG_WARN_BOOL_CONVERSION = YES;
				CLANG_WARN_CONSTANT_CONVERSION = YES;
				CLANG_WARN_DIRECT_OBJC_ISA_USAGE = YES_ERROR;
				CLANG_WARN_DOCUMENTATION_COMMENTS = YES;
				CLANG_WARN_EMPTY_BODY = YES;
				CLANG_WARN_ENUM_CONVERSION = YES;
				CLANG_WARN_INFINITE_RECURSION = YES;
				CLANG_WARN_INT_CONVERSION = YES;
				CLANG_WARN_OBJC_ROOT_CLASS = YES_ERROR;
				CLANG_WARN_SUSPICIOUS_MOVE = YES;
				CLANG_WARN_UNREACHABLE_CODE = YES;
				CLANG_WARN__DUPLICATE_METHOD_MATCH = YES;
				"CODE_SIGN_IDENTITY[sdk=iphoneos*]" = "iPhone Developer";
				COPY_PHASE_STRIP = NO;
				DEBUG_INFORMATION_FORMAT = "dwarf-with-dsym";
				ENABLE_NS_ASSERTIONS = NO;
				ENABLE_STRICT_OBJC_MSGSEND = YES;
				GCC_C_LANGUAGE_STANDARD = gnu99;
				GCC_NO_COMMON_BLOCKS = YES;
				GCC_WARN_64_TO_32_BIT_CONVERSION = YES;
				GCC_WARN_ABOUT_RETURN_TYPE = YES_ERROR;
				GCC_WARN_UNDECLARED_SELECTOR = YES;
				GCC_WARN_UNINITIALIZED_AUTOS = YES_AGGRESSIVE;
				GCC_WARN_UNUSED_FUNCTION = YES;
				GCC_WARN_UNUSED_VARIABLE = YES;
				IPHONEOS_DEPLOYMENT_TARGET = 10.2;
				MTL_ENABLE_DEBUG_INFO = NO;
				SDKROOT = iphoneos;
				SWIFT_OPTIMIZATION_LEVEL = "-Owholemodule";
				TARGETED_DEVICE_FAMILY = "1,2";
				VALIDATE_PRODUCT = YES;
			};
			name = Release;
		};
		6E77904B1E62718D00143551 /* Debug */ = {
			isa = XCBuildConfiguration;
			baseConfigurationReference = F8590B54E40C9997CA775D9C /* Pods-ibm_project.debug.xcconfig */;
			buildSettings = {
				ASSETCATALOG_COMPILER_APPICON_NAME = AppIcon;
				CODE_SIGN_IDENTITY = "iPhone Developer";
				INFOPLIST_FILE = ibm_project/Info.plist;
				LD_RUNPATH_SEARCH_PATHS = "$(inherited) @executable_path/Frameworks";
				PRODUCT_BUNDLE_IDENTIFIER = "zarfanlabs.ibm-project";
				PRODUCT_NAME = "$(TARGET_NAME)";
				SWIFT_VERSION = 3.0;
			};
			name = Debug;
		};
		6E77904C1E62718D00143551 /* Release */ = {
			isa = XCBuildConfiguration;
			baseConfigurationReference = 317DE707993ABCD68341F7D1 /* Pods-ibm_project.release.xcconfig */;
			buildSettings = {
				ASSETCATALOG_COMPILER_APPICON_NAME = AppIcon;
				CODE_SIGN_IDENTITY = "iPhone Developer";
				INFOPLIST_FILE = ibm_project/Info.plist;
				LD_RUNPATH_SEARCH_PATHS = "$(inherited) @executable_path/Frameworks";
				PRODUCT_BUNDLE_IDENTIFIER = "zarfanlabs.ibm-project";
				PRODUCT_NAME = "$(TARGET_NAME)";
				SWIFT_VERSION = 3.0;
			};
			name = Release;
		};
		6E77904E1E62718D00143551 /* Debug */ = {
			isa = XCBuildConfiguration;
			baseConfigurationReference = DDC81574E595138A13F5F5F6 /* Pods-ibm_projectTests.debug.xcconfig */;
			buildSettings = {
				ALWAYS_EMBED_SWIFT_STANDARD_LIBRARIES = YES;
				BUNDLE_LOADER = "$(TEST_HOST)";
				INFOPLIST_FILE = ibm_projectTests/Info.plist;
				LD_RUNPATH_SEARCH_PATHS = "$(inherited) @executable_path/Frameworks @loader_path/Frameworks";
				PRODUCT_BUNDLE_IDENTIFIER = "zarfanlabs.ibm-projectTests";
				PRODUCT_NAME = "$(TARGET_NAME)";
				SWIFT_VERSION = 3.0;
				TEST_HOST = "$(BUILT_PRODUCTS_DIR)/ibm_project.app/ibm_project";
			};
			name = Debug;
		};
		6E77904F1E62718D00143551 /* Release */ = {
			isa = XCBuildConfiguration;
			baseConfigurationReference = 272151A47A0207C6741FB357 /* Pods-ibm_projectTests.release.xcconfig */;
			buildSettings = {
				ALWAYS_EMBED_SWIFT_STANDARD_LIBRARIES = YES;
				BUNDLE_LOADER = "$(TEST_HOST)";
				INFOPLIST_FILE = ibm_projectTests/Info.plist;
				LD_RUNPATH_SEARCH_PATHS = "$(inherited) @executable_path/Frameworks @loader_path/Frameworks";
				PRODUCT_BUNDLE_IDENTIFIER = "zarfanlabs.ibm-projectTests";
				PRODUCT_NAME = "$(TARGET_NAME)";
				SWIFT_VERSION = 3.0;
				TEST_HOST = "$(BUILT_PRODUCTS_DIR)/ibm_project.app/ibm_project";
			};
			name = Release;
		};
		6E7790511E62718D00143551 /* Debug */ = {
			isa = XCBuildConfiguration;
			baseConfigurationReference = 50F3A5D09C4A6F95AFC619F6 /* Pods-ibm_projectUITests.debug.xcconfig */;
			buildSettings = {
				ALWAYS_EMBED_SWIFT_STANDARD_LIBRARIES = YES;
				INFOPLIST_FILE = ibm_projectUITests/Info.plist;
				LD_RUNPATH_SEARCH_PATHS = "$(inherited) @executable_path/Frameworks @loader_path/Frameworks";
				PRODUCT_BUNDLE_IDENTIFIER = "zarfanlabs.ibm-projectUITests";
				PRODUCT_NAME = "$(TARGET_NAME)";
				SWIFT_VERSION = 3.0;
				TEST_TARGET_NAME = ibm_project;
			};
			name = Debug;
		};
		6E7790521E62718D00143551 /* Release */ = {
			isa = XCBuildConfiguration;
			baseConfigurationReference = 74FC288C84023CC8F75CB563 /* Pods-ibm_projectUITests.release.xcconfig */;
			buildSettings = {
				ALWAYS_EMBED_SWIFT_STANDARD_LIBRARIES = YES;
				INFOPLIST_FILE = ibm_projectUITests/Info.plist;
				LD_RUNPATH_SEARCH_PATHS = "$(inherited) @executable_path/Frameworks @loader_path/Frameworks";
				PRODUCT_BUNDLE_IDENTIFIER = "zarfanlabs.ibm-projectUITests";
				PRODUCT_NAME = "$(TARGET_NAME)";
				SWIFT_VERSION = 3.0;
				TEST_TARGET_NAME = ibm_project;
			};
			name = Release;
		};
/* End XCBuildConfiguration section */

/* Begin XCConfigurationList section */
		6E77901A1E62718D00143551 /* Build configuration list for PBXProject "ibm_project" */ = {
			isa = XCConfigurationList;
			buildConfigurations = (
				6E7790481E62718D00143551 /* Debug */,
				6E7790491E62718D00143551 /* Release */,
			);
			defaultConfigurationIsVisible = 0;
			defaultConfigurationName = Release;
		};
		6E77904A1E62718D00143551 /* Build configuration list for PBXNativeTarget "ibm_project" */ = {
			isa = XCConfigurationList;
			buildConfigurations = (
				6E77904B1E62718D00143551 /* Debug */,
				6E77904C1E62718D00143551 /* Release */,
			);
			defaultConfigurationIsVisible = 0;
			defaultConfigurationName = Release;
		};
		6E77904D1E62718D00143551 /* Build configuration list for PBXNativeTarget "ibm_projectTests" */ = {
			isa = XCConfigurationList;
			buildConfigurations = (
				6E77904E1E62718D00143551 /* Debug */,
				6E77904F1E62718D00143551 /* Release */,
			);
			defaultConfigurationIsVisible = 0;
			defaultConfigurationName = Release;
		};
		6E7790501E62718D00143551 /* Build configuration list for PBXNativeTarget "ibm_projectUITests" */ = {
			isa = XCConfigurationList;
			buildConfigurations = (
				6E7790511E62718D00143551 /* Debug */,
				6E7790521E62718D00143551 /* Release */,
			);
			defaultConfigurationIsVisible = 0;
			defaultConfigurationName = Release;
		};
/* End XCConfigurationList section */

/* Begin XCVersionGroup section */
		6E7790291E62718D00143551 /* ibm_project.xcdatamodeld */ = {
			isa = XCVersionGroup;
			children = (
				6E77902A1E62718D00143551 /* ibm_project.xcdatamodel */,
			);
			currentVersion = 6E77902A1E62718D00143551 /* ibm_project.xcdatamodel */;
			path = ibm_project.xcdatamodeld;
			sourceTree = "<group>";
			versionGroupType = wrapper.xcdatamodel;
		};
/* End XCVersionGroup section */
	};
	rootObject = 6E7790171E62718D00143551 /* Project object */;
}
